// !$*UTF8*$!
{
	archiveVersion = 1;
	classes = {
	};
	objectVersion = 46;
	objects = {

/* Begin PBXBuildFile section */
		DF196474169FE6CE005A3DA7 /* MobileCoreServices.framework in Frameworks */ = {isa = PBXBuildFile; fileRef = DF196473169FE6CE005A3DA7 /* MobileCoreServices.framework */; };
		DF19647C169FF0AD005A3DA7 /* AVFoundation.framework in Frameworks */ = {isa = PBXBuildFile; fileRef = DF19647B169FF0AD005A3DA7 /* AVFoundation.framework */; };
		DF19647E169FF0CD005A3DA7 /* CoreMedia.framework in Frameworks */ = {isa = PBXBuildFile; fileRef = DF19647D169FF0CD005A3DA7 /* CoreMedia.framework */; };
		DF196486169FFDF4005A3DA7 /* VDOVideoCell.m in Sources */ = {isa = PBXBuildFile; fileRef = DF196485169FFDF4005A3DA7 /* VDOVideoCell.m */; };
		DF196488169FFE05005A3DA7 /* VDOVideoCell.xib in Resources */ = {isa = PBXBuildFile; fileRef = DF196487169FFE05005A3DA7 /* VDOVideoCell.xib */; };
		DF19648A169FFE30005A3DA7 /* badges.png in Resources */ = {isa = PBXBuildFile; fileRef = DF196489169FFE30005A3DA7 /* badges.png */; };
		DF1964A016A002E2005A3DA7 /* 1.png in Resources */ = {isa = PBXBuildFile; fileRef = DF19649B16A002E1005A3DA7 /* 1.png */; };
		DF1964A116A002E2005A3DA7 /* 2.png in Resources */ = {isa = PBXBuildFile; fileRef = DF19649C16A002E1005A3DA7 /* 2.png */; };
		DF1964A216A002E2005A3DA7 /* 3.png in Resources */ = {isa = PBXBuildFile; fileRef = DF19649D16A002E1005A3DA7 /* 3.png */; };
		DF1964A316A002E2005A3DA7 /* 4.png in Resources */ = {isa = PBXBuildFile; fileRef = DF19649E16A002E2005A3DA7 /* 4.png */; };
		DF1964A416A002E2005A3DA7 /* 5.png in Resources */ = {isa = PBXBuildFile; fileRef = DF19649F16A002E2005A3DA7 /* 5.png */; };
		DF30FB5A169FA8D00026ADE1 /* VDOExistingVideoListViewController.m in Sources */ = {isa = PBXBuildFile; fileRef = DF30FB58169FA8D00026ADE1 /* VDOExistingVideoListViewController.m */; };
		DF30FB5B169FA8D00026ADE1 /* VDOExistingVideoListViewController.xib in Resources */ = {isa = PBXBuildFile; fileRef = DF30FB59169FA8D00026ADE1 /* VDOExistingVideoListViewController.xib */; };
		DFC6A7BB169E66D100BE4504 /* UIKit.framework in Frameworks */ = {isa = PBXBuildFile; fileRef = DFC6A7BA169E66D100BE4504 /* UIKit.framework */; };
		DFC6A7BD169E66D100BE4504 /* Foundation.framework in Frameworks */ = {isa = PBXBuildFile; fileRef = DFC6A7BC169E66D100BE4504 /* Foundation.framework */; };
		DFC6A7BF169E66D100BE4504 /* CoreGraphics.framework in Frameworks */ = {isa = PBXBuildFile; fileRef = DFC6A7BE169E66D100BE4504 /* CoreGraphics.framework */; };
		DFC6A7C1169E66D100BE4504 /* CoreData.framework in Frameworks */ = {isa = PBXBuildFile; fileRef = DFC6A7C0169E66D100BE4504 /* CoreData.framework */; };
		DFC6A7C7169E66D100BE4504 /* InfoPlist.strings in Resources */ = {isa = PBXBuildFile; fileRef = DFC6A7C5169E66D100BE4504 /* InfoPlist.strings */; };
		DFC6A7C9169E66D100BE4504 /* main.m in Sources */ = {isa = PBXBuildFile; fileRef = DFC6A7C8169E66D100BE4504 /* main.m */; };
		DFC6A7CD169E66D100BE4504 /* VDOAppDelegate.m in Sources */ = {isa = PBXBuildFile; fileRef = DFC6A7CC169E66D100BE4504 /* VDOAppDelegate.m */; };
		DFC6A7CF169E66D100BE4504 /* Default.png in Resources */ = {isa = PBXBuildFile; fileRef = DFC6A7CE169E66D100BE4504 /* Default.png */; };
		DFC6A7D1169E66D100BE4504 /* Default@2x.png in Resources */ = {isa = PBXBuildFile; fileRef = DFC6A7D0169E66D100BE4504 /* Default@2x.png */; };
		DFC6A7D3169E66D100BE4504 /* Default-568h@2x.png in Resources */ = {isa = PBXBuildFile; fileRef = DFC6A7D2169E66D100BE4504 /* Default-568h@2x.png */; };
		DFC6A7D6169E66D100BE4504 /* Video_Demo.xcdatamodeld in Sources */ = {isa = PBXBuildFile; fileRef = DFC6A7D4169E66D100BE4504 /* Video_Demo.xcdatamodeld */; };
		DFC6A7DE169E66D100BE4504 /* SenTestingKit.framework in Frameworks */ = {isa = PBXBuildFile; fileRef = DFC6A7DD169E66D100BE4504 /* SenTestingKit.framework */; };
		DFC6A7DF169E66D100BE4504 /* UIKit.framework in Frameworks */ = {isa = PBXBuildFile; fileRef = DFC6A7BA169E66D100BE4504 /* UIKit.framework */; };
		DFC6A7E0169E66D100BE4504 /* Foundation.framework in Frameworks */ = {isa = PBXBuildFile; fileRef = DFC6A7BC169E66D100BE4504 /* Foundation.framework */; };
		DFC6A7E1169E66D100BE4504 /* CoreData.framework in Frameworks */ = {isa = PBXBuildFile; fileRef = DFC6A7C0169E66D100BE4504 /* CoreData.framework */; };
		DFC6A7E9169E66D100BE4504 /* InfoPlist.strings in Resources */ = {isa = PBXBuildFile; fileRef = DFC6A7E7169E66D100BE4504 /* InfoPlist.strings */; };
		DFC6A7EC169E66D100BE4504 /* Video_DemoTests.m in Sources */ = {isa = PBXBuildFile; fileRef = DFC6A7EB169E66D100BE4504 /* Video_DemoTests.m */; };
/* End PBXBuildFile section */

/* Begin PBXContainerItemProxy section */
		DFC6A7E2169E66D100BE4504 /* PBXContainerItemProxy */ = {
			isa = PBXContainerItemProxy;
			containerPortal = DFC6A7AD169E66D100BE4504 /* Project object */;
			proxyType = 1;
			remoteGlobalIDString = DFC6A7B5169E66D100BE4504;
			remoteInfo = "Video Demo";
		};
/* End PBXContainerItemProxy section */

/* Begin PBXFileReference section */
		DF196473169FE6CE005A3DA7 /* MobileCoreServices.framework */ = {isa = PBXFileReference; lastKnownFileType = wrapper.framework; name = MobileCoreServices.framework; path = System/Library/Frameworks/MobileCoreServices.framework; sourceTree = SDKROOT; };
		DF19647B169FF0AD005A3DA7 /* AVFoundation.framework */ = {isa = PBXFileReference; lastKnownFileType = wrapper.framework; name = AVFoundation.framework; path = System/Library/Frameworks/AVFoundation.framework; sourceTree = SDKROOT; };
		DF19647D169FF0CD005A3DA7 /* CoreMedia.framework */ = {isa = PBXFileReference; lastKnownFileType = wrapper.framework; name = CoreMedia.framework; path = System/Library/Frameworks/CoreMedia.framework; sourceTree = SDKROOT; };
		DF196484169FFDF4005A3DA7 /* VDOVideoCell.h */ = {isa = PBXFileReference; fileEncoding = 4; lastKnownFileType = sourcecode.c.h; path = VDOVideoCell.h; sourceTree = "<group>"; };
		DF196485169FFDF4005A3DA7 /* VDOVideoCell.m */ = {isa = PBXFileReference; fileEncoding = 4; lastKnownFileType = sourcecode.c.objc; path = VDOVideoCell.m; sourceTree = "<group>"; };
		DF196487169FFE05005A3DA7 /* VDOVideoCell.xib */ = {isa = PBXFileReference; fileEncoding = 4; lastKnownFileType = file.xib; path = VDOVideoCell.xib; sourceTree = "<group>"; };
		DF196489169FFE30005A3DA7 /* badges.png */ = {isa = PBXFileReference; lastKnownFileType = image.png; path = badges.png; sourceTree = "<group>"; };
		DF19649B16A002E1005A3DA7 /* 1.png */ = {isa = PBXFileReference; lastKnownFileType = image.png; path = 1.png; sourceTree = "<group>"; };
		DF19649C16A002E1005A3DA7 /* 2.png */ = {isa = PBXFileReference; lastKnownFileType = image.png; path = 2.png; sourceTree = "<group>"; };
		DF19649D16A002E1005A3DA7 /* 3.png */ = {isa = PBXFileReference; lastKnownFileType = image.png; path = 3.png; sourceTree = "<group>"; };
		DF19649E16A002E2005A3DA7 /* 4.png */ = {isa = PBXFileReference; lastKnownFileType = image.png; path = 4.png; sourceTree = "<group>"; };
		DF19649F16A002E2005A3DA7 /* 5.png */ = {isa = PBXFileReference; lastKnownFileType = image.png; path = 5.png; sourceTree = "<group>"; };
		DF30FB57169FA8D00026ADE1 /* VDOExistingVideoListViewController.h */ = {isa = PBXFileReference; fileEncoding = 4; lastKnownFileType = sourcecode.c.h; path = VDOExistingVideoListViewController.h; sourceTree = "<group>"; };
		DF30FB58169FA8D00026ADE1 /* VDOExistingVideoListViewController.m */ = {isa = PBXFileReference; fileEncoding = 4; lastKnownFileType = sourcecode.c.objc; path = VDOExistingVideoListViewController.m; sourceTree = "<group>"; };
		DF30FB59169FA8D00026ADE1 /* VDOExistingVideoListViewController.xib */ = {isa = PBXFileReference; fileEncoding = 4; lastKnownFileType = file.xib; path = VDOExistingVideoListViewController.xib; sourceTree = "<group>"; };
		DFC6A7B6169E66D100BE4504 /* Video Demo.app */ = {isa = PBXFileReference; explicitFileType = wrapper.application; includeInIndex = 0; path = "Video Demo.app"; sourceTree = BUILT_PRODUCTS_DIR; };
		DFC6A7BA169E66D100BE4504 /* UIKit.framework */ = {isa = PBXFileReference; lastKnownFileType = wrapper.framework; name = UIKit.framework; path = System/Library/Frameworks/UIKit.framework; sourceTree = SDKROOT; };
		DFC6A7BC169E66D100BE4504 /* Foundation.framework */ = {isa = PBXFileReference; lastKnownFileType = wrapper.framework; name = Foundation.framework; path = System/Library/Frameworks/Foundation.framework; sourceTree = SDKROOT; };
		DFC6A7BE169E66D100BE4504 /* CoreGraphics.framework */ = {isa = PBXFileReference; lastKnownFileType = wrapper.framework; name = CoreGraphics.framework; path = System/Library/Frameworks/CoreGraphics.framework; sourceTree = SDKROOT; };
		DFC6A7C0169E66D100BE4504 /* CoreData.framework */ = {isa = PBXFileReference; lastKnownFileType = wrapper.framework; name = CoreData.framework; path = System/Library/Frameworks/CoreData.framework; sourceTree = SDKROOT; };
		DFC6A7C4169E66D100BE4504 /* Video Demo-Info.plist */ = {isa = PBXFileReference; lastKnownFileType = text.plist.xml; path = "Video Demo-Info.plist"; sourceTree = "<group>"; };
		DFC6A7C6169E66D100BE4504 /* en */ = {isa = PBXFileReference; lastKnownFileType = text.plist.strings; name = en; path = en.lproj/InfoPlist.strings; sourceTree = "<group>"; };
		DFC6A7C8169E66D100BE4504 /* main.m */ = {isa = PBXFileReference; lastKnownFileType = sourcecode.c.objc; path = main.m; sourceTree = "<group>"; };
		DFC6A7CA169E66D100BE4504 /* Video Demo-Prefix.pch */ = {isa = PBXFileReference; lastKnownFileType = sourcecode.c.h; path = "Video Demo-Prefix.pch"; sourceTree = "<group>"; };
		DFC6A7CB169E66D100BE4504 /* VDOAppDelegate.h */ = {isa = PBXFileReference; lastKnownFileType = sourcecode.c.h; path = VDOAppDelegate.h; sourceTree = "<group>"; };
		DFC6A7CC169E66D100BE4504 /* VDOAppDelegate.m */ = {isa = PBXFileReference; lastKnownFileType = sourcecode.c.objc; path = VDOAppDelegate.m; sourceTree = "<group>"; };
		DFC6A7CE169E66D100BE4504 /* Default.png */ = {isa = PBXFileReference; lastKnownFileType = image.png; path = Default.png; sourceTree = "<group>"; };
		DFC6A7D0169E66D100BE4504 /* Default@2x.png */ = {isa = PBXFileReference; lastKnownFileType = image.png; path = "Default@2x.png"; sourceTree = "<group>"; };
		DFC6A7D2169E66D100BE4504 /* Default-568h@2x.png */ = {isa = PBXFileReference; lastKnownFileType = image.png; path = "Default-568h@2x.png"; sourceTree = "<group>"; };
		DFC6A7D5169E66D100BE4504 /* Video_Demo.xcdatamodel */ = {isa = PBXFileReference; lastKnownFileType = wrapper.xcdatamodel; path = Video_Demo.xcdatamodel; sourceTree = "<group>"; };
		DFC6A7DC169E66D100BE4504 /* Video DemoTests.octest */ = {isa = PBXFileReference; explicitFileType = wrapper.cfbundle; includeInIndex = 0; path = "Video DemoTests.octest"; sourceTree = BUILT_PRODUCTS_DIR; };
		DFC6A7DD169E66D100BE4504 /* SenTestingKit.framework */ = {isa = PBXFileReference; lastKnownFileType = wrapper.framework; name = SenTestingKit.framework; path = Library/Frameworks/SenTestingKit.framework; sourceTree = DEVELOPER_DIR; };
		DFC6A7E6169E66D100BE4504 /* Video DemoTests-Info.plist */ = {isa = PBXFileReference; lastKnownFileType = text.plist.xml; path = "Video DemoTests-Info.plist"; sourceTree = "<group>"; };
		DFC6A7E8169E66D100BE4504 /* en */ = {isa = PBXFileReference; lastKnownFileType = text.plist.strings; name = en; path = en.lproj/InfoPlist.strings; sourceTree = "<group>"; };
		DFC6A7EA169E66D100BE4504 /* Video_DemoTests.h */ = {isa = PBXFileReference; lastKnownFileType = sourcecode.c.h; path = Video_DemoTests.h; sourceTree = "<group>"; };
		DFC6A7EB169E66D100BE4504 /* Video_DemoTests.m */ = {isa = PBXFileReference; lastKnownFileType = sourcecode.c.objc; path = Video_DemoTests.m; sourceTree = "<group>"; };
/* End PBXFileReference section */

/* Begin PBXFrameworksBuildPhase section */
		DFC6A7B3169E66D100BE4504 /* Frameworks */ = {
			isa = PBXFrameworksBuildPhase;
			buildActionMask = 2147483647;
			files = (
				DF19647E169FF0CD005A3DA7 /* CoreMedia.framework in Frameworks */,
				DF19647C169FF0AD005A3DA7 /* AVFoundation.framework in Frameworks */,
				DF196474169FE6CE005A3DA7 /* MobileCoreServices.framework in Frameworks */,
				DFC6A7BB169E66D100BE4504 /* UIKit.framework in Frameworks */,
				DFC6A7BD169E66D100BE4504 /* Foundation.framework in Frameworks */,
				DFC6A7BF169E66D100BE4504 /* CoreGraphics.framework in Frameworks */,
				DFC6A7C1169E66D100BE4504 /* CoreData.framework in Frameworks */,
			);
			runOnlyForDeploymentPostprocessing = 0;
		};
		DFC6A7D8169E66D100BE4504 /* Frameworks */ = {
			isa = PBXFrameworksBuildPhase;
			buildActionMask = 2147483647;
			files = (
				DFC6A7DE169E66D100BE4504 /* SenTestingKit.framework in Frameworks */,
				DFC6A7DF169E66D100BE4504 /* UIKit.framework in Frameworks */,
				DFC6A7E0169E66D100BE4504 /* Foundation.framework in Frameworks */,
				DFC6A7E1169E66D100BE4504 /* CoreData.framework in Frameworks */,
			);
			runOnlyForDeploymentPostprocessing = 0;
		};
/* End PBXFrameworksBuildPhase section */

/* Begin PBXGroup section */
		DF196483169FFDD6005A3DA7 /* VDOVideoCell */ = {
			isa = PBXGroup;
			children = (
				DF196484169FFDF4005A3DA7 /* VDOVideoCell.h */,
				DF196485169FFDF4005A3DA7 /* VDOVideoCell.m */,
				DF196487169FFE05005A3DA7 /* VDOVideoCell.xib */,
			);
			name = VDOVideoCell;
			sourceTree = "<group>";
		};
		DF30FB5D169FA8E10026ADE1 /* Existing Video List */ = {
			isa = PBXGroup;
			children = (
				DF196483169FFDD6005A3DA7 /* VDOVideoCell */,
				DF30FB57169FA8D00026ADE1 /* VDOExistingVideoListViewController.h */,
				DF30FB58169FA8D00026ADE1 /* VDOExistingVideoListViewController.m */,
				DF30FB59169FA8D00026ADE1 /* VDOExistingVideoListViewController.xib */,
			);
			name = "Existing Video List";
			sourceTree = "<group>";
		};
		DFC6A7AB169E66D100BE4504 = {
			isa = PBXGroup;
			children = (
				DF19649B16A002E1005A3DA7 /* 1.png */,
				DF19649C16A002E1005A3DA7 /* 2.png */,
				DF19649D16A002E1005A3DA7 /* 3.png */,
				DF19649E16A002E2005A3DA7 /* 4.png */,
				DF19649F16A002E2005A3DA7 /* 5.png */,
				DF19647D169FF0CD005A3DA7 /* CoreMedia.framework */,
				DF19647B169FF0AD005A3DA7 /* AVFoundation.framework */,
				DF196473169FE6CE005A3DA7 /* MobileCoreServices.framework */,
				DFC6A7C2169E66D100BE4504 /* Video Demo */,
				DFC6A7E4169E66D100BE4504 /* Video DemoTests */,
				DFC6A7B9169E66D100BE4504 /* Frameworks */,
				DFC6A7B7169E66D100BE4504 /* Products */,
			);
			sourceTree = "<group>";
		};
		DFC6A7B7169E66D100BE4504 /* Products */ = {
			isa = PBXGroup;
			children = (
				DFC6A7B6169E66D100BE4504 /* Video Demo.app */,
				DFC6A7DC169E66D100BE4504 /* Video DemoTests.octest */,
			);
			name = Products;
			sourceTree = "<group>";
		};
		DFC6A7B9169E66D100BE4504 /* Frameworks */ = {
			isa = PBXGroup;
			children = (
				DFC6A7BA169E66D100BE4504 /* UIKit.framework */,
				DFC6A7BC169E66D100BE4504 /* Foundation.framework */,
				DFC6A7BE169E66D100BE4504 /* CoreGraphics.framework */,
				DFC6A7C0169E66D100BE4504 /* CoreData.framework */,
				DFC6A7DD169E66D100BE4504 /* SenTestingKit.framework */,
			);
			name = Frameworks;
			sourceTree = "<group>";
		};
		DFC6A7C2169E66D100BE4504 /* Video Demo */ = {
			isa = PBXGroup;
			children = (
				DF196489169FFE30005A3DA7 /* badges.png */,
				DFC6A7CB169E66D100BE4504 /* VDOAppDelegate.h */,
				DFC6A7CC169E66D100BE4504 /* VDOAppDelegate.m */,
				DFC6A7D4169E66D100BE4504 /* Video_Demo.xcdatamodeld */,
				DFC6A7C3169E66D100BE4504 /* Supporting Files */,
				DF30FB5D169FA8E10026ADE1 /* Existing Video List */,
			);
			path = "Video Demo";
			sourceTree = "<group>";
		};
		DFC6A7C3169E66D100BE4504 /* Supporting Files */ = {
			isa = PBXGroup;
			children = (
				DFC6A7C4169E66D100BE4504 /* Video Demo-Info.plist */,
				DFC6A7C5169E66D100BE4504 /* InfoPlist.strings */,
				DFC6A7C8169E66D100BE4504 /* main.m */,
				DFC6A7CA169E66D100BE4504 /* Video Demo-Prefix.pch */,
				DFC6A7CE169E66D100BE4504 /* Default.png */,
				DFC6A7D0169E66D100BE4504 /* Default@2x.png */,
				DFC6A7D2169E66D100BE4504 /* Default-568h@2x.png */,
			);
			name = "Supporting Files";
			sourceTree = "<group>";
		};
		DFC6A7E4169E66D100BE4504 /* Video DemoTests */ = {
			isa = PBXGroup;
			children = (
				DFC6A7EA169E66D100BE4504 /* Video_DemoTests.h */,
				DFC6A7EB169E66D100BE4504 /* Video_DemoTests.m */,
				DFC6A7E5169E66D100BE4504 /* Supporting Files */,
			);
			path = "Video DemoTests";
			sourceTree = "<group>";
		};
		DFC6A7E5169E66D100BE4504 /* Supporting Files */ = {
			isa = PBXGroup;
			children = (
				DFC6A7E6169E66D100BE4504 /* Video DemoTests-Info.plist */,
				DFC6A7E7169E66D100BE4504 /* InfoPlist.strings */,
			);
			name = "Supporting Files";
			sourceTree = "<group>";
		};
/* End PBXGroup section */

/* Begin PBXNativeTarget section */
		DFC6A7B5169E66D100BE4504 /* Video Demo */ = {
			isa = PBXNativeTarget;
			buildConfigurationList = DFC6A7EF169E66D100BE4504 /* Build configuration list for PBXNativeTarget "Video Demo" */;
			buildPhases = (
				DFC6A7B2169E66D100BE4504 /* Sources */,
				DFC6A7B3169E66D100BE4504 /* Frameworks */,
				DFC6A7B4169E66D100BE4504 /* Resources */,
			);
			buildRules = (
			);
			dependencies = (
			);
			name = "Video Demo";
			productName = "Video Demo";
			productReference = DFC6A7B6169E66D100BE4504 /* Video Demo.app */;
			productType = "com.apple.product-type.application";
		};
		DFC6A7DB169E66D100BE4504 /* Video DemoTests */ = {
			isa = PBXNativeTarget;
			buildConfigurationList = DFC6A7F2169E66D100BE4504 /* Build configuration list for PBXNativeTarget "Video DemoTests" */;
			buildPhases = (
				DFC6A7D7169E66D100BE4504 /* Sources */,
				DFC6A7D8169E66D100BE4504 /* Frameworks */,
				DFC6A7D9169E66D100BE4504 /* Resources */,
				DFC6A7DA169E66D100BE4504 /* ShellScript */,
			);
			buildRules = (
			);
			dependencies = (
				DFC6A7E3169E66D100BE4504 /* PBXTargetDependency */,
			);
			name = "Video DemoTests";
			productName = "Video DemoTests";
			productReference = DFC6A7DC169E66D100BE4504 /* Video DemoTests.octest */;
			productType = "com.apple.product-type.bundle";
		};
/* End PBXNativeTarget section */

/* Begin PBXProject section */
		DFC6A7AD169E66D100BE4504 /* Project object */ = {
			isa = PBXProject;
			attributes = {
				CLASSPREFIX = VDO;
				LastUpgradeCheck = 0450;
				ORGANIZATIONNAME = "Pixls Limited";
			};
			buildConfigurationList = DFC6A7B0169E66D100BE4504 /* Build configuration list for PBXProject "Video Demo" */;
			compatibilityVersion = "Xcode 3.2";
			developmentRegion = English;
			hasScannedForEncodings = 0;
			knownRegions = (
				en,
			);
			mainGroup = DFC6A7AB169E66D100BE4504;
			productRefGroup = DFC6A7B7169E66D100BE4504 /* Products */;
			projectDirPath = "";
			projectRoot = "";
			targets = (
				DFC6A7B5169E66D100BE4504 /* Video Demo */,
				DFC6A7DB169E66D100BE4504 /* Video DemoTests */,
			);
		};
/* End PBXProject section */

/* Begin PBXResourcesBuildPhase section */
		DFC6A7B4169E66D100BE4504 /* Resources */ = {
			isa = PBXResourcesBuildPhase;
			buildActionMask = 2147483647;
			files = (
				DFC6A7C7169E66D100BE4504 /* InfoPlist.strings in Resources */,
				DFC6A7CF169E66D100BE4504 /* Default.png in Resources */,
				DFC6A7D1169E66D100BE4504 /* Default@2x.png in Resources */,
				DFC6A7D3169E66D100BE4504 /* Default-568h@2x.png in Resources */,
				DF30FB5B169FA8D00026ADE1 /* VDOExistingVideoListViewController.xib in Resources */,
				DF196488169FFE05005A3DA7 /* VDOVideoCell.xib in Resources */,
				DF19648A169FFE30005A3DA7 /* badges.png in Resources */,
				DF1964A016A002E2005A3DA7 /* 1.png in Resources */,
				DF1964A116A002E2005A3DA7 /* 2.png in Resources */,
				DF1964A216A002E2005A3DA7 /* 3.png in Resources */,
				DF1964A316A002E2005A3DA7 /* 4.png in Resources */,
				DF1964A416A002E2005A3DA7 /* 5.png in Resources */,
			);
			runOnlyForDeploymentPostprocessing = 0;
		};
		DFC6A7D9169E66D100BE4504 /* Resources */ = {
			isa = PBXResourcesBuildPhase;
			buildActionMask = 2147483647;
			files = (
				DFC6A7E9169E66D100BE4504 /* InfoPlist.strings in Resources */,
			);
			runOnlyForDeploymentPostprocessing = 0;
		};
/* End PBXResourcesBuildPhase section */

/* Begin PBXShellScriptBuildPhase section */
		DFC6A7DA169E66D100BE4504 /* ShellScript */ = {
			isa = PBXShellScriptBuildPhase;
			buildActionMask = 2147483647;
			files = (
			);
			inputPaths = (
			);
			outputPaths = (
			);
			runOnlyForDeploymentPostprocessing = 0;
			shellPath = /bin/sh;
			shellScript = "# Run the unit tests in this test bundle.\n\"${SYSTEM_DEVELOPER_DIR}/Tools/RunUnitTests\"\n";
		};
/* End PBXShellScriptBuildPhase section */

/* Begin PBXSourcesBuildPhase section */
		DFC6A7B2169E66D100BE4504 /* Sources */ = {
			isa = PBXSourcesBuildPhase;
			buildActionMask = 2147483647;
			files = (
				DFC6A7C9169E66D100BE4504 /* main.m in Sources */,
				DFC6A7CD169E66D100BE4504 /* VDOAppDelegate.m in Sources */,
				DFC6A7D6169E66D100BE4504 /* Video_Demo.xcdatamodeld in Sources */,
				DF30FB5A169FA8D00026ADE1 /* VDOExistingVideoListViewController.m in Sources */,
				DF196486169FFDF4005A3DA7 /* VDOVideoCell.m in Sources */,
			);
			runOnlyForDeploymentPostprocessing = 0;
		};
		DFC6A7D7169E66D100BE4504 /* Sources */ = {
			isa = PBXSourcesBuildPhase;
			buildActionMask = 2147483647;
			files = (
				DFC6A7EC169E66D100BE4504 /* Video_DemoTests.m in Sources */,
			);
			runOnlyForDeploymentPostprocessing = 0;
		};
/* End PBXSourcesBuildPhase section */

/* Begin PBXTargetDependency section */
		DFC6A7E3169E66D100BE4504 /* PBXTargetDependency */ = {
			isa = PBXTargetDependency;
			target = DFC6A7B5169E66D100BE4504 /* Video Demo */;
			targetProxy = DFC6A7E2169E66D100BE4504 /* PBXContainerItemProxy */;
		};
/* End PBXTargetDependency section */

/* Begin PBXVariantGroup section */
		DFC6A7C5169E66D100BE4504 /* InfoPlist.strings */ = {
			isa = PBXVariantGroup;
			children = (
				DFC6A7C6169E66D100BE4504 /* en */,
			);
			name = InfoPlist.strings;
			sourceTree = "<group>";
		};
		DFC6A7E7169E66D100BE4504 /* InfoPlist.strings */ = {
			isa = PBXVariantGroup;
			children = (
				DFC6A7E8169E66D100BE4504 /* en */,
			);
			name = InfoPlist.strings;
			sourceTree = "<group>";
		};
/* End PBXVariantGroup section */

/* Begin XCBuildConfiguration section */
		DFC6A7ED169E66D100BE4504 /* Debug */ = {
			isa = XCBuildConfiguration;
			buildSettings = {
				ALWAYS_SEARCH_USER_PATHS = NO;
				CLANG_CXX_LANGUAGE_STANDARD = "gnu++0x";
				CLANG_CXX_LIBRARY = "libc++";
				CLANG_ENABLE_OBJC_ARC = YES;
				CLANG_WARN_EMPTY_BODY = YES;
				CLANG_WARN__DUPLICATE_METHOD_MATCH = YES;
				"CODE_SIGN_IDENTITY[sdk=iphoneos*]" = "iPhone Developer";
				COPY_PHASE_STRIP = NO;
				GCC_C_LANGUAGE_STANDARD = gnu99;
				GCC_DYNAMIC_NO_PIC = NO;
				GCC_OPTIMIZATION_LEVEL = 0;
				GCC_PREPROCESSOR_DEFINITIONS = (
					"DEBUG=1",
					"$(inherited)",
				);
				GCC_SYMBOLS_PRIVATE_EXTERN = NO;
				GCC_WARN_ABOUT_RETURN_TYPE = YES;
				GCC_WARN_UNINITIALIZED_AUTOS = YES;
				GCC_WARN_UNUSED_VARIABLE = YES;
				IPHONEOS_DEPLOYMENT_TARGET = 6.0;
				ONLY_ACTIVE_ARCH = YES;
				SDKROOT = iphoneos;
				TARGETED_DEVICE_FAMILY = "1,2";
			};
			name = Debug;
		};
		DFC6A7EE169E66D100BE4504 /* Release */ = {
			isa = XCBuildConfiguration;
			buildSettings = {
				ALWAYS_SEARCH_USER_PATHS = NO;
				CLANG_CXX_LANGUAGE_STANDARD = "gnu++0x";
				CLANG_CXX_LIBRARY = "libc++";
				CLANG_ENABLE_OBJC_ARC = YES;
				CLANG_WARN_EMPTY_BODY = YES;
				CLANG_WARN__DUPLICATE_METHOD_MATCH = YES;
				"CODE_SIGN_IDENTITY[sdk=iphoneos*]" = "iPhone Developer";
				COPY_PHASE_STRIP = YES;
				GCC_C_LANGUAGE_STANDARD = gnu99;
				GCC_WARN_ABOUT_RETURN_TYPE = YES;
				GCC_WARN_UNINITIALIZED_AUTOS = YES;
				GCC_WARN_UNUSED_VARIABLE = YES;
				IPHONEOS_DEPLOYMENT_TARGET = 6.0;
				OTHER_CFLAGS = "-DNS_BLOCK_ASSERTIONS=1";
				SDKROOT = iphoneos;
				TARGETED_DEVICE_FAMILY = "1,2";
				VALIDATE_PRODUCT = YES;
			};
			name = Release;
		};
		DFC6A7F0169E66D100BE4504 /* Debug */ = {
			isa = XCBuildConfiguration;
			buildSettings = {
				GCC_PRECOMPILE_PREFIX_HEADER = YES;
				GCC_PREFIX_HEADER = "Video Demo/Video Demo-Prefix.pch";
				INFOPLIST_FILE = "Video Demo/Video Demo-Info.plist";
				PRODUCT_NAME = "$(TARGET_NAME)";
				WRAPPER_EXTENSION = app;
			};
			name = Debug;
		};
		DFC6A7F1169E66D100BE4504 /* Release */ = {
			isa = XCBuildConfiguration;
			buildSettings = {
				GCC_PRECOMPILE_PREFIX_HEADER = YES;
				GCC_PREFIX_HEADER = "Video Demo/Video Demo-Prefix.pch";
				INFOPLIST_FILE = "Video Demo/Video Demo-Info.plist";
				PRODUCT_NAME = "$(TARGET_NAME)";
				WRAPPER_EXTENSION = app;
			};
			name = Release;
		};
		DFC6A7F3169E66D100BE4504 /* Debug */ = {
			isa = XCBuildConfiguration;
			buildSettings = {
				BUNDLE_LOADER = "$(BUILT_PRODUCTS_DIR)/Video Demo.app/Video Demo";
				FRAMEWORK_SEARCH_PATHS = (
					"\"$(SDKROOT)/Developer/Library/Frameworks\"",
					"\"$(DEVELOPER_LIBRARY_DIR)/Frameworks\"",
				);
				GCC_PRECOMPILE_PREFIX_HEADER = YES;
				GCC_PREFIX_HEADER = "Video Demo/Video Demo-Prefix.pch";
				INFOPLIST_FILE = "Video DemoTests/Video DemoTests-Info.plist";
				PRODUCT_NAME = "$(TARGET_NAME)";
				TEST_HOST = "$(BUNDLE_LOADER)";
				WRAPPER_EXTENSION = octest;
			};
			name = Debug;
		};
		DFC6A7F4169E66D100BE4504 /* Release */ = {
			isa = XCBuildConfiguration;
			buildSettings = {
				BUNDLE_LOADER = "$(BUILT_PRODUCTS_DIR)/Video Demo.app/Video Demo";
				FRAMEWORK_SEARCH_PATHS = (
					"\"$(SDKROOT)/Developer/Library/Frameworks\"",
					"\"$(DEVELOPER_LIBRARY_DIR)/Frameworks\"",
				);
				GCC_PRECOMPILE_PREFIX_HEADER = YES;
				GCC_PREFIX_HEADER = "Video Demo/Video Demo-Prefix.pch";
				INFOPLIST_FILE = "Video DemoTests/Video DemoTests-Info.plist";
				PRODUCT_NAME = "$(TARGET_NAME)";
				TEST_HOST = "$(BUNDLE_LOADER)";
				WRAPPER_EXTENSION = octest;
			};
			name = Release;
		};
/* End XCBuildConfiguration section */

/* Begin XCConfigurationList section */
		DFC6A7B0169E66D100BE4504 /* Build configuration list for PBXProject "Video Demo" */ = {
			isa = XCConfigurationList;
			buildConfigurations = (
				DFC6A7ED169E66D100BE4504 /* Debug */,
				DFC6A7EE169E66D100BE4504 /* Release */,
			);
			defaultConfigurationIsVisible = 0;
			defaultConfigurationName = Release;
		};
		DFC6A7EF169E66D100BE4504 /* Build configuration list for PBXNativeTarget "Video Demo" */ = {
			isa = XCConfigurationList;
			buildConfigurations = (
				DFC6A7F0169E66D100BE4504 /* Debug */,
				DFC6A7F1169E66D100BE4504 /* Release */,
			);
			defaultConfigurationIsVisible = 0;
			defaultConfigurationName = Release;
		};
		DFC6A7F2169E66D100BE4504 /* Build configuration list for PBXNativeTarget "Video DemoTests" */ = {
			isa = XCConfigurationList;
			buildConfigurations = (
				DFC6A7F3169E66D100BE4504 /* Debug */,
				DFC6A7F4169E66D100BE4504 /* Release */,
			);
			defaultConfigurationIsVisible = 0;
			defaultConfigurationName = Release;
		};
/* End XCConfigurationList section */

/* Begin XCVersionGroup section */
		DFC6A7D4169E66D100BE4504 /* Video_Demo.xcdatamodeld */ = {
			isa = XCVersionGroup;
			children = (
				DFC6A7D5169E66D100BE4504 /* Video_Demo.xcdatamodel */,
			);
			currentVersion = DFC6A7D5169E66D100BE4504 /* Video_Demo.xcdatamodel */;
			path = Video_Demo.xcdatamodeld;
			sourceTree = "<group>";
			versionGroupType = wrapper.xcdatamodel;
		};
/* End XCVersionGroup section */
	};
	rootObject = DFC6A7AD169E66D100BE4504 /* Project object */;
}
